
Microsoft Visual Studio Solution File, Format Version 12.00
# Visual Studio Version 16
VisualStudioVersion = 16.0.31005.135
MinimumVisualStudioVersion = 10.0.40219.1
Project("{FAE04EC0-301F-11D3-BF4B-00C04F79EFBC}") = "LightAnti-CheatWindows", "LightAnti-CheatWindows.csproj", "{D6582884-48A7-4E6B-A4B5-0609905DF74B}"
EndProject
Global
	GlobalSection(SolutionConfigurationPlatforms) = preSolution
		Debug|Any CPU = Debug|Any CPU
		Debug|x64 = Debug|x64
		Release|Any CPU = Release|Any CPU
		Release|x64 = Release|x64
	EndGlobalSection
	GlobalSection(ProjectConfigurationPlatforms) = postSolution
		{D6582884-48A7-4E6B-A4B5-0609905DF74B}.Debug|Any CPU.ActiveCfg = Debug|Any CPU
		{D6582884-48A7-4E6B-A4B5-0609905DF74B}.Debug|Any CPU.Build.0 = Debug|Any CPU
		{D6582884-48A7-4E6B-A4B5-0609905DF74B}.Debug|x64.ActiveCfg = Debug|x64
		{D6582884-48A7-4E6B-A4B5-0609905DF74B}.Debug|x64.Build.0 = Debug|x64
		{D6582884-48A7-4E6B-A4B5-0609905DF74B}.Release|Any CPU.ActiveCfg = Release|Any CPU
		{D6582884-48A7-4E6B-A4B5-0609905DF74B}.Release|Any CPU.Build.0 = Release|Any CPU
		{D6582884-48A7-4E6B-A4B5-0609905DF74B}.Release|x64.ActiveCfg = Release|x64
		{D6582884-48A7-4E6B-A4B5-0609905DF74B}.Release|x64.Build.0 = Release|x64
	EndGlobalSection
	GlobalSection(SolutionProperties) = preSolution
		HideSolutionNode = FALSE
	EndGlobalSection
	GlobalSection(ExtensibilityGlobals) = postSolution
		SolutionGuid = {1ECA6D24-7D88-4E51-BB27-C653C28C1066}
	EndGlobalSection
EndGlobal
