
Microsoft Visual Studio Solution File, Format Version 12.00
# Visual Studio Version 16
VisualStudioVersion = 16.0.31005.135
MinimumVisualStudioVersion = 10.0.40219.1
Project("{FAE04EC0-301F-11D3-BF4B-00C04F79EFBC}") = "Light Anti-Cheat Windows", "Light Anti-Cheat Windows.csproj", "{99A5A842-BEA5-4AD0-965F-589017432AE4}"
EndProject
Global
	GlobalSection(SolutionConfigurationPlatforms) = preSolution
		Debug|Any CPU = Debug|Any CPU
		Release|Any CPU = Release|Any CPU
	EndGlobalSection
	GlobalSection(ProjectConfigurationPlatforms) = postSolution
		{99A5A842-BEA5-4AD0-965F-589017432AE4}.Debug|Any CPU.ActiveCfg = Debug|Any CPU
		{99A5A842-BEA5-4AD0-965F-589017432AE4}.Debug|Any CPU.Build.0 = Debug|Any CPU
		{99A5A842-BEA5-4AD0-965F-589017432AE4}.Release|Any CPU.ActiveCfg = Release|Any CPU
		{99A5A842-BEA5-4AD0-965F-589017432AE4}.Release|Any CPU.Build.0 = Release|Any CPU
	EndGlobalSection
	GlobalSection(SolutionProperties) = preSolution
		HideSolutionNode = FALSE
	EndGlobalSection
	GlobalSection(ExtensibilityGlobals) = postSolution
		SolutionGuid = {81B39FDE-CF97-4102-9CAD-24D0E76FB02F}
	EndGlobalSection
EndGlobal
