
Microsoft Visual Studio Solution File, Format Version 12.00
# Visual Studio Version 16
VisualStudioVersion = 16.0.31005.135
MinimumVisualStudioVersion = 10.0.40219.1
Project("{FAE04EC0-301F-11D3-BF4B-00C04F79EFBC}") = "Light Anti-Cheat Windows", "Light Anti-Cheat Windows.csproj", "{0EA8C923-1256-41E9-A655-A25B64C21D4F}"
EndProject
Global
	GlobalSection(SolutionConfigurationPlatforms) = preSolution
		Debug|Any CPU = Debug|Any CPU
		Release|Any CPU = Release|Any CPU
	EndGlobalSection
	GlobalSection(ProjectConfigurationPlatforms) = postSolution
		{0EA8C923-1256-41E9-A655-A25B64C21D4F}.Debug|Any CPU.ActiveCfg = Debug|Any CPU
		{0EA8C923-1256-41E9-A655-A25B64C21D4F}.Debug|Any CPU.Build.0 = Debug|Any CPU
		{0EA8C923-1256-41E9-A655-A25B64C21D4F}.Release|Any CPU.ActiveCfg = Release|Any CPU
		{0EA8C923-1256-41E9-A655-A25B64C21D4F}.Release|Any CPU.Build.0 = Release|Any CPU
	EndGlobalSection
	GlobalSection(SolutionProperties) = preSolution
		HideSolutionNode = FALSE
	EndGlobalSection
	GlobalSection(ExtensibilityGlobals) = postSolution
		SolutionGuid = {AAAFC9A0-EEBA-4616-AF08-BB992154CBFA}
	EndGlobalSection
EndGlobal
